
Microsoft Visual Studio Solution File, Format Version 12.00
# Visual Studio Version 17
VisualStudioVersion = 17.4.33213.308
MinimumVisualStudioVersion = 10.0.40219.1
Project("{FAE04EC0-301F-11D3-BF4B-00C04F79EFBC}") = "AppVinil.UWP", "AppVinil\AppVinil.UWP\AppVinil.UWP.csproj", "{FBB11FAF-5DF0-4ECD-A07A-69419C44B4D7}"
EndProject
Project("{FAE04EC0-301F-11D3-BF4B-00C04F79EFBC}") = "AppVinil.Android", "AppVinil\AppVinil.Android\AppVinil.Android.csproj", "{54833313-EF0D-4C71-AB50-BCD54645CEDC}"
EndProject
Project("{FAE04EC0-301F-11D3-BF4B-00C04F79EFBC}") = "AppVinil.iOS", "AppVinil\AppVinil.iOS\AppVinil.iOS.csproj", "{D6AA30B3-604F-4029-A78E-66A4B42B1A19}"
EndProject
Project("{FAE04EC0-301F-11D3-BF4B-00C04F79EFBC}") = "AppVinil", "AppVinil\AppVinil\AppVinil.csproj", "{EEF60984-8948-4F15-928B-7423773699AD}"
EndProject
Global
	GlobalSection(SolutionConfigurationPlatforms) = preSolution
		Debug|Any CPU = Debug|Any CPU
		Debug|ARM = Debug|ARM
		Debug|iPhone = Debug|iPhone
		Debug|iPhoneSimulator = Debug|iPhoneSimulator
		Debug|x64 = Debug|x64
		Debug|x86 = Debug|x86
		Release|Any CPU = Release|Any CPU
		Release|ARM = Release|ARM
		Release|iPhone = Release|iPhone
		Release|iPhoneSimulator = Release|iPhoneSimulator
		Release|x64 = Release|x64
		Release|x86 = Release|x86
	EndGlobalSection
	GlobalSection(ProjectConfigurationPlatforms) = postSolution
		{FBB11FAF-5DF0-4ECD-A07A-69419C44B4D7}.Debug|Any CPU.ActiveCfg = Debug|x64
		{FBB11FAF-5DF0-4ECD-A07A-69419C44B4D7}.Debug|Any CPU.Build.0 = Debug|x64
		{FBB11FAF-5DF0-4ECD-A07A-69419C44B4D7}.Debug|Any CPU.Deploy.0 = Debug|x64
		{FBB11FAF-5DF0-4ECD-A07A-69419C44B4D7}.Debug|ARM.ActiveCfg = Debug|ARM
		{FBB11FAF-5DF0-4ECD-A07A-69419C44B4D7}.Debug|ARM.Build.0 = Debug|ARM
		{FBB11FAF-5DF0-4ECD-A07A-69419C44B4D7}.Debug|ARM.Deploy.0 = Debug|ARM
		{FBB11FAF-5DF0-4ECD-A07A-69419C44B4D7}.Debug|iPhone.ActiveCfg = Debug|x64
		{FBB11FAF-5DF0-4ECD-A07A-69419C44B4D7}.Debug|iPhone.Build.0 = Debug|x64
		{FBB11FAF-5DF0-4ECD-A07A-69419C44B4D7}.Debug|iPhone.Deploy.0 = Debug|x64
		{FBB11FAF-5DF0-4ECD-A07A-69419C44B4D7}.Debug|iPhoneSimulator.ActiveCfg = Debug|x64
		{FBB11FAF-5DF0-4ECD-A07A-69419C44B4D7}.Debug|iPhoneSimulator.Build.0 = Debug|x64
		{FBB11FAF-5DF0-4ECD-A07A-69419C44B4D7}.Debug|iPhoneSimulator.Deploy.0 = Debug|x64
		{FBB11FAF-5DF0-4ECD-A07A-69419C44B4D7}.Debug|x64.ActiveCfg = Debug|x64
		{FBB11FAF-5DF0-4ECD-A07A-69419C44B4D7}.Debug|x64.Build.0 = Debug|x64
		{FBB11FAF-5DF0-4ECD-A07A-69419C44B4D7}.Debug|x64.Deploy.0 = Debug|x64
		{FBB11FAF-5DF0-4ECD-A07A-69419C44B4D7}.Debug|x86.ActiveCfg = Debug|x86
		{FBB11FAF-5DF0-4ECD-A07A-69419C44B4D7}.Debug|x86.Build.0 = Debug|x86
		{FBB11FAF-5DF0-4ECD-A07A-69419C44B4D7}.Debug|x86.Deploy.0 = Debug|x86
		{FBB11FAF-5DF0-4ECD-A07A-69419C44B4D7}.Release|Any CPU.ActiveCfg = Release|x64
		{FBB11FAF-5DF0-4ECD-A07A-69419C44B4D7}.Release|Any CPU.Build.0 = Release|x64
		{FBB11FAF-5DF0-4ECD-A07A-69419C44B4D7}.Release|Any CPU.Deploy.0 = Release|x64
		{FBB11FAF-5DF0-4ECD-A07A-69419C44B4D7}.Release|ARM.ActiveCfg = Release|ARM
		{FBB11FAF-5DF0-4ECD-A07A-69419C44B4D7}.Release|ARM.Build.0 = Release|ARM
		{FBB11FAF-5DF0-4ECD-A07A-69419C44B4D7}.Release|ARM.Deploy.0 = Release|ARM
		{FBB11FAF-5DF0-4ECD-A07A-69419C44B4D7}.Release|iPhone.ActiveCfg = Release|x64
		{FBB11FAF-5DF0-4ECD-A07A-69419C44B4D7}.Release|iPhone.Build.0 = Release|x64
		{FBB11FAF-5DF0-4ECD-A07A-69419C44B4D7}.Release|iPhone.Deploy.0 = Release|x64
		{FBB11FAF-5DF0-4ECD-A07A-69419C44B4D7}.Release|iPhoneSimulator.ActiveCfg = Release|x64
		{FBB11FAF-5DF0-4ECD-A07A-69419C44B4D7}.Release|iPhoneSimulator.Build.0 = Release|x64
		{FBB11FAF-5DF0-4ECD-A07A-69419C44B4D7}.Release|iPhoneSimulator.Deploy.0 = Release|x64
		{FBB11FAF-5DF0-4ECD-A07A-69419C44B4D7}.Release|x64.ActiveCfg = Release|x64
		{FBB11FAF-5DF0-4ECD-A07A-69419C44B4D7}.Release|x64.Build.0 = Release|x64
		{FBB11FAF-5DF0-4ECD-A07A-69419C44B4D7}.Release|x64.Deploy.0 = Release|x64
		{FBB11FAF-5DF0-4ECD-A07A-69419C44B4D7}.Release|x86.ActiveCfg = Release|x86
		{FBB11FAF-5DF0-4ECD-A07A-69419C44B4D7}.Release|x86.Build.0 = Release|x86
		{FBB11FAF-5DF0-4ECD-A07A-69419C44B4D7}.Release|x86.Deploy.0 = Release|x86
		{54833313-EF0D-4C71-AB50-BCD54645CEDC}.Debug|Any CPU.ActiveCfg = Debug|Any CPU
		{54833313-EF0D-4C71-AB50-BCD54645CEDC}.Debug|Any CPU.Build.0 = Debug|Any CPU
		{54833313-EF0D-4C71-AB50-BCD54645CEDC}.Debug|Any CPU.Deploy.0 = Debug|Any CPU
		{54833313-EF0D-4C71-AB50-BCD54645CEDC}.Debug|ARM.ActiveCfg = Debug|Any CPU
		{54833313-EF0D-4C71-AB50-BCD54645CEDC}.Debug|ARM.Build.0 = Debug|Any CPU
		{54833313-EF0D-4C71-AB50-BCD54645CEDC}.Debug|ARM.Deploy.0 = Debug|Any CPU
		{54833313-EF0D-4C71-AB50-BCD54645CEDC}.Debug|iPhone.ActiveCfg = Debug|Any CPU
		{54833313-EF0D-4C71-AB50-BCD54645CEDC}.Debug|iPhone.Build.0 = Debug|Any CPU
		{54833313-EF0D-4C71-AB50-BCD54645CEDC}.Debug|iPhone.Deploy.0 = Debug|Any CPU
		{54833313-EF0D-4C71-AB50-BCD54645CEDC}.Debug|iPhoneSimulator.ActiveCfg = Debug|Any CPU
		{54833313-EF0D-4C71-AB50-BCD54645CEDC}.Debug|iPhoneSimulator.Build.0 = Debug|Any CPU
		{54833313-EF0D-4C71-AB50-BCD54645CEDC}.Debug|iPhoneSimulator.Deploy.0 = Debug|Any CPU
		{54833313-EF0D-4C71-AB50-BCD54645CEDC}.Debug|x64.ActiveCfg = Debug|Any CPU
		{54833313-EF0D-4C71-AB50-BCD54645CEDC}.Debug|x64.Build.0 = Debug|Any CPU
		{54833313-EF0D-4C71-AB50-BCD54645CEDC}.Debug|x64.Deploy.0 = Debug|Any CPU
		{54833313-EF0D-4C71-AB50-BCD54645CEDC}.Debug|x86.ActiveCfg = Debug|Any CPU
		{54833313-EF0D-4C71-AB50-BCD54645CEDC}.Debug|x86.Build.0 = Debug|Any CPU
		{54833313-EF0D-4C71-AB50-BCD54645CEDC}.Debug|x86.Deploy.0 = Debug|Any CPU
		{54833313-EF0D-4C71-AB50-BCD54645CEDC}.Release|Any CPU.ActiveCfg = Release|Any CPU
		{54833313-EF0D-4C71-AB50-BCD54645CEDC}.Release|Any CPU.Build.0 = Release|Any CPU
		{54833313-EF0D-4C71-AB50-BCD54645CEDC}.Release|Any CPU.Deploy.0 = Release|Any CPU
		{54833313-EF0D-4C71-AB50-BCD54645CEDC}.Release|ARM.ActiveCfg = Release|Any CPU
		{54833313-EF0D-4C71-AB50-BCD54645CEDC}.Release|ARM.Build.0 = Release|Any CPU
		{54833313-EF0D-4C71-AB50-BCD54645CEDC}.Release|ARM.Deploy.0 = Release|Any CPU
		{54833313-EF0D-4C71-AB50-BCD54645CEDC}.Release|iPhone.ActiveCfg = Release|Any CPU
		{54833313-EF0D-4C71-AB50-BCD54645CEDC}.Release|iPhone.Build.0 = Release|Any CPU
		{54833313-EF0D-4C71-AB50-BCD54645CEDC}.Release|iPhone.Deploy.0 = Release|Any CPU
		{54833313-EF0D-4C71-AB50-BCD54645CEDC}.Release|iPhoneSimulator.ActiveCfg = Release|Any CPU
		{54833313-EF0D-4C71-AB50-BCD54645CEDC}.Release|iPhoneSimulator.Build.0 = Release|Any CPU
		{54833313-EF0D-4C71-AB50-BCD54645CEDC}.Release|iPhoneSimulator.Deploy.0 = Release|Any CPU
		{54833313-EF0D-4C71-AB50-BCD54645CEDC}.Release|x64.ActiveCfg = Release|Any CPU
		{54833313-EF0D-4C71-AB50-BCD54645CEDC}.Release|x64.Build.0 = Release|Any CPU
		{54833313-EF0D-4C71-AB50-BCD54645CEDC}.Release|x64.Deploy.0 = Release|Any CPU
		{54833313-EF0D-4C71-AB50-BCD54645CEDC}.Release|x86.ActiveCfg = Release|Any CPU
		{54833313-EF0D-4C71-AB50-BCD54645CEDC}.Release|x86.Build.0 = Release|Any CPU
		{54833313-EF0D-4C71-AB50-BCD54645CEDC}.Release|x86.Deploy.0 = Release|Any CPU
		{D6AA30B3-604F-4029-A78E-66A4B42B1A19}.Debug|Any CPU.ActiveCfg = Debug|iPhoneSimulator
		{D6AA30B3-604F-4029-A78E-66A4B42B1A19}.Debug|Any CPU.Build.0 = Debug|iPhoneSimulator
		{D6AA30B3-604F-4029-A78E-66A4B42B1A19}.Debug|Any CPU.Deploy.0 = Debug|iPhoneSimulator
		{D6AA30B3-604F-4029-A78E-66A4B42B1A19}.Debug|ARM.ActiveCfg = Debug|iPhoneSimulator
		{D6AA30B3-604F-4029-A78E-66A4B42B1A19}.Debug|ARM.Build.0 = Debug|iPhoneSimulator
		{D6AA30B3-604F-4029-A78E-66A4B42B1A19}.Debug|ARM.Deploy.0 = Debug|iPhoneSimulator
		{D6AA30B3-604F-4029-A78E-66A4B42B1A19}.Debug|iPhone.ActiveCfg = Debug|iPhone
		{D6AA30B3-604F-4029-A78E-66A4B42B1A19}.Debug|iPhone.Build.0 = Debug|iPhone
		{D6AA30B3-604F-4029-A78E-66A4B42B1A19}.Debug|iPhone.Deploy.0 = Debug|iPhone
		{D6AA30B3-604F-4029-A78E-66A4B42B1A19}.Debug|iPhoneSimulator.ActiveCfg = Debug|iPhoneSimulator
		{D6AA30B3-604F-4029-A78E-66A4B42B1A19}.Debug|iPhoneSimulator.Build.0 = Debug|iPhoneSimulator
		{D6AA30B3-604F-4029-A78E-66A4B42B1A19}.Debug|iPhoneSimulator.Deploy.0 = Debug|iPhoneSimulator
		{D6AA30B3-604F-4029-A78E-66A4B42B1A19}.Debug|x64.ActiveCfg = Debug|iPhone
		{D6AA30B3-604F-4029-A78E-66A4B42B1A19}.Debug|x64.Build.0 = Debug|iPhone
		{D6AA30B3-604F-4029-A78E-66A4B42B1A19}.Debug|x64.Deploy.0 = Debug|iPhone
		{D6AA30B3-604F-4029-A78E-66A4B42B1A19}.Debug|x86.ActiveCfg = Debug|iPhoneSimulator
		{D6AA30B3-604F-4029-A78E-66A4B42B1A19}.Debug|x86.Build.0 = Debug|iPhoneSimulator
		{D6AA30B3-604F-4029-A78E-66A4B42B1A19}.Debug|x86.Deploy.0 = Debug|iPhoneSimulator
		{D6AA30B3-604F-4029-A78E-66A4B42B1A19}.Release|Any CPU.ActiveCfg = Release|iPhoneSimulator
		{D6AA30B3-604F-4029-A78E-66A4B42B1A19}.Release|Any CPU.Build.0 = Release|iPhoneSimulator
		{D6AA30B3-604F-4029-A78E-66A4B42B1A19}.Release|Any CPU.Deploy.0 = Release|iPhoneSimulator
		{D6AA30B3-604F-4029-A78E-66A4B42B1A19}.Release|ARM.ActiveCfg = Release|iPhoneSimulator
		{D6AA30B3-604F-4029-A78E-66A4B42B1A19}.Release|ARM.Build.0 = Release|iPhoneSimulator
		{D6AA30B3-604F-4029-A78E-66A4B42B1A19}.Release|ARM.Deploy.0 = Release|iPhoneSimulator
		{D6AA30B3-604F-4029-A78E-66A4B42B1A19}.Release|iPhone.ActiveCfg = Release|iPhone
		{D6AA30B3-604F-4029-A78E-66A4B42B1A19}.Release|iPhone.Build.0 = Release|iPhone
		{D6AA30B3-604F-4029-A78E-66A4B42B1A19}.Release|iPhone.Deploy.0 = Release|iPhone
		{D6AA30B3-604F-4029-A78E-66A4B42B1A19}.Release|iPhoneSimulator.ActiveCfg = Release|iPhoneSimulator
		{D6AA30B3-604F-4029-A78E-66A4B42B1A19}.Release|iPhoneSimulator.Build.0 = Release|iPhoneSimulator
		{D6AA30B3-604F-4029-A78E-66A4B42B1A19}.Release|iPhoneSimulator.Deploy.0 = Release|iPhoneSimulator
		{D6AA30B3-604F-4029-A78E-66A4B42B1A19}.Release|x64.ActiveCfg = Release|iPhoneSimulator
		{D6AA30B3-604F-4029-A78E-66A4B42B1A19}.Release|x64.Build.0 = Release|iPhoneSimulator
		{D6AA30B3-604F-4029-A78E-66A4B42B1A19}.Release|x64.Deploy.0 = Release|iPhoneSimulator
		{D6AA30B3-604F-4029-A78E-66A4B42B1A19}.Release|x86.ActiveCfg = Release|iPhoneSimulator
		{D6AA30B3-604F-4029-A78E-66A4B42B1A19}.Release|x86.Build.0 = Release|iPhoneSimulator
		{D6AA30B3-604F-4029-A78E-66A4B42B1A19}.Release|x86.Deploy.0 = Release|iPhoneSimulator
		{EEF60984-8948-4F15-928B-7423773699AD}.Debug|Any CPU.ActiveCfg = Debug|Any CPU
		{EEF60984-8948-4F15-928B-7423773699AD}.Debug|Any CPU.Build.0 = Debug|Any CPU
		{EEF60984-8948-4F15-928B-7423773699AD}.Debug|Any CPU.Deploy.0 = Debug|Any CPU
		{EEF60984-8948-4F15-928B-7423773699AD}.Debug|ARM.ActiveCfg = Debug|Any CPU
		{EEF60984-8948-4F15-928B-7423773699AD}.Debug|ARM.Build.0 = Debug|Any CPU
		{EEF60984-8948-4F15-928B-7423773699AD}.Debug|ARM.Deploy.0 = Debug|Any CPU
		{EEF60984-8948-4F15-928B-7423773699AD}.Debug|iPhone.ActiveCfg = Debug|Any CPU
		{EEF60984-8948-4F15-928B-7423773699AD}.Debug|iPhone.Build.0 = Debug|Any CPU
		{EEF60984-8948-4F15-928B-7423773699AD}.Debug|iPhone.Deploy.0 = Debug|Any CPU
		{EEF60984-8948-4F15-928B-7423773699AD}.Debug|iPhoneSimulator.ActiveCfg = Debug|Any CPU
		{EEF60984-8948-4F15-928B-7423773699AD}.Debug|iPhoneSimulator.Build.0 = Debug|Any CPU
		{EEF60984-8948-4F15-928B-7423773699AD}.Debug|iPhoneSimulator.Deploy.0 = Debug|Any CPU
		{EEF60984-8948-4F15-928B-7423773699AD}.Debug|x64.ActiveCfg = Debug|Any CPU
		{EEF60984-8948-4F15-928B-7423773699AD}.Debug|x64.Build.0 = Debug|Any CPU
		{EEF60984-8948-4F15-928B-7423773699AD}.Debug|x64.Deploy.0 = Debug|Any CPU
		{EEF60984-8948-4F15-928B-7423773699AD}.Debug|x86.ActiveCfg = Debug|Any CPU
		{EEF60984-8948-4F15-928B-7423773699AD}.Debug|x86.Build.0 = Debug|Any CPU
		{EEF60984-8948-4F15-928B-7423773699AD}.Debug|x86.Deploy.0 = Debug|Any CPU
		{EEF60984-8948-4F15-928B-7423773699AD}.Release|Any CPU.ActiveCfg = Release|Any CPU
		{EEF60984-8948-4F15-928B-7423773699AD}.Release|Any CPU.Build.0 = Release|Any CPU
		{EEF60984-8948-4F15-928B-7423773699AD}.Release|Any CPU.Deploy.0 = Release|Any CPU
		{EEF60984-8948-4F15-928B-7423773699AD}.Release|ARM.ActiveCfg = Release|Any CPU
		{EEF60984-8948-4F15-928B-7423773699AD}.Release|ARM.Build.0 = Release|Any CPU
		{EEF60984-8948-4F15-928B-7423773699AD}.Release|ARM.Deploy.0 = Release|Any CPU
		{EEF60984-8948-4F15-928B-7423773699AD}.Release|iPhone.ActiveCfg = Release|Any CPU
		{EEF60984-8948-4F15-928B-7423773699AD}.Release|iPhone.Build.0 = Release|Any CPU
		{EEF60984-8948-4F15-928B-7423773699AD}.Release|iPhone.Deploy.0 = Release|Any CPU
		{EEF60984-8948-4F15-928B-7423773699AD}.Release|iPhoneSimulator.ActiveCfg = Release|Any CPU
		{EEF60984-8948-4F15-928B-7423773699AD}.Release|iPhoneSimulator.Build.0 = Release|Any CPU
		{EEF60984-8948-4F15-928B-7423773699AD}.Release|iPhoneSimulator.Deploy.0 = Release|Any CPU
		{EEF60984-8948-4F15-928B-7423773699AD}.Release|x64.ActiveCfg = Release|Any CPU
		{EEF60984-8948-4F15-928B-7423773699AD}.Release|x64.Build.0 = Release|Any CPU
		{EEF60984-8948-4F15-928B-7423773699AD}.Release|x64.Deploy.0 = Release|Any CPU
		{EEF60984-8948-4F15-928B-7423773699AD}.Release|x86.ActiveCfg = Release|Any CPU
		{EEF60984-8948-4F15-928B-7423773699AD}.Release|x86.Build.0 = Release|Any CPU
		{EEF60984-8948-4F15-928B-7423773699AD}.Release|x86.Deploy.0 = Release|Any CPU
	EndGlobalSection
	GlobalSection(SolutionProperties) = preSolution
		HideSolutionNode = FALSE
	EndGlobalSection
	GlobalSection(ExtensibilityGlobals) = postSolution
		SolutionGuid = {BBEC7A67-ECBE-432F-962B-0CEB0F82CA19}
	EndGlobalSection
EndGlobal
